
Microsoft Visual Studio Solution File, Format Version 12.00
# Visual Studio Version 17
VisualStudioVersion = 17.9.34728.123
MinimumVisualStudioVersion = 10.0.40219.1
Project("{FAE04EC0-301F-11D3-BF4B-00C04F79EFBC}") = "TextMeddling", "TextMeddling\TextMeddling.csproj", "{1C9B71C1-B74C-4C93-A02F-E3000C46489D}"
EndProject
Global
	GlobalSection(SolutionConfigurationPlatforms) = preSolution
		Debug|Any CPU = Debug|Any CPU
		Release|Any CPU = Release|Any CPU
	EndGlobalSection
	GlobalSection(ProjectConfigurationPlatforms) = postSolution
		{1C9B71C1-B74C-4C93-A02F-E3000C46489D}.Debug|Any CPU.ActiveCfg = Debug|Any CPU
		{1C9B71C1-B74C-4C93-A02F-E3000C46489D}.Debug|Any CPU.Build.0 = Debug|Any CPU
		{1C9B71C1-B74C-4C93-A02F-E3000C46489D}.Release|Any CPU.ActiveCfg = Release|Any CPU
		{1C9B71C1-B74C-4C93-A02F-E3000C46489D}.Release|Any CPU.Build.0 = Release|Any CPU
	EndGlobalSection
	GlobalSection(SolutionProperties) = preSolution
		HideSolutionNode = FALSE
	EndGlobalSection
	GlobalSection(ExtensibilityGlobals) = postSolution
		SolutionGuid = {A4E56EF0-A731-4C0D-81EB-6B0B9C6DD5D8}
	EndGlobalSection
EndGlobal
