
Microsoft Visual Studio Solution File, Format Version 12.00
# Visual Studio Version 17
VisualStudioVersion = 17.9.34728.123
MinimumVisualStudioVersion = 10.0.40219.1
Project("{FAE04EC0-301F-11D3-BF4B-00C04F79EFBC}") = "WhatDoesThisCodeDo", "WhatDoesThisCodeDo\WhatDoesThisCodeDo.csproj", "{F4F071A0-721F-461D-8426-F37582AD2515}"
EndProject
Global
	GlobalSection(SolutionConfigurationPlatforms) = preSolution
		Debug|Any CPU = Debug|Any CPU
		Release|Any CPU = Release|Any CPU
	EndGlobalSection
	GlobalSection(ProjectConfigurationPlatforms) = postSolution
		{F4F071A0-721F-461D-8426-F37582AD2515}.Debug|Any CPU.ActiveCfg = Debug|Any CPU
		{F4F071A0-721F-461D-8426-F37582AD2515}.Debug|Any CPU.Build.0 = Debug|Any CPU
		{F4F071A0-721F-461D-8426-F37582AD2515}.Release|Any CPU.ActiveCfg = Release|Any CPU
		{F4F071A0-721F-461D-8426-F37582AD2515}.Release|Any CPU.Build.0 = Release|Any CPU
	EndGlobalSection
	GlobalSection(SolutionProperties) = preSolution
		HideSolutionNode = FALSE
	EndGlobalSection
	GlobalSection(ExtensibilityGlobals) = postSolution
		SolutionGuid = {0B00C6CF-F570-4FCB-8285-1C88C825B59A}
	EndGlobalSection
EndGlobal
